<Solution>
  <Folder Name="/src/">
    <Project Path="src/OVS.Client/OVS.Client.csproj" />
    <Project Path="src/OVS.Server/OVS.Server.csproj" />
    <Project Path="src/OVS.Shared/OVS.Shared.csproj" />
  </Folder>
  <Folder Name="/tests/">
    <Project Path="tests/OVS.Tests/OVS.Tests.csproj" />
  </Folder>
</Solution>
